
Microsoft Visual Studio Solution File, Format Version 12.00
# Visual Studio 14
VisualStudioVersion = 14.0.25420.1
MinimumVisualStudioVersion = 10.0.40219.1
Project("{FAE04EC0-301F-11D3-BF4B-00C04F79EFBC}") = "OrderService.Client", "src\OrderService.Client\OrderService.Client.csproj", "{3C5BC4BE-BFA9-4737-859C-0C03C616E5E6}"
EndProject
Project("{FAE04EC0-301F-11D3-BF4B-00C04F79EFBC}") = "OrderService.Client.Test", "src\OrderService.Client.Test\OrderService.Client.Test.csproj", "{E049E13F-304C-40BD-8B44-83E3B6CCD4C2}"
EndProject
Project("{FAE04EC0-301F-11D3-BF4B-00C04F79EFBC}") = "Order.Contracts", "src\Order.Contracts\Order.Contracts.csproj", "{AE306392-6268-42B6-AF07-4C37C1E73E79}"
EndProject
Project("{FAE04EC0-301F-11D3-BF4B-00C04F79EFBC}") = "OrderService.Server", "src\OrderService.Server\OrderService.Server.csproj", "{86175C07-36CD-44C4-9DE4-AD24743DD4D1}"
EndProject
Global
	GlobalSection(SolutionConfigurationPlatforms) = preSolution
		Debug|Any CPU = Debug|Any CPU
		Release|Any CPU = Release|Any CPU
	EndGlobalSection
	GlobalSection(ProjectConfigurationPlatforms) = postSolution
		{3C5BC4BE-BFA9-4737-859C-0C03C616E5E6}.Debug|Any CPU.ActiveCfg = Debug|Any CPU
		{3C5BC4BE-BFA9-4737-859C-0C03C616E5E6}.Debug|Any CPU.Build.0 = Debug|Any CPU
		{3C5BC4BE-BFA9-4737-859C-0C03C616E5E6}.Release|Any CPU.ActiveCfg = Release|Any CPU
		{3C5BC4BE-BFA9-4737-859C-0C03C616E5E6}.Release|Any CPU.Build.0 = Release|Any CPU
		{E049E13F-304C-40BD-8B44-83E3B6CCD4C2}.Debug|Any CPU.ActiveCfg = Debug|Any CPU
		{E049E13F-304C-40BD-8B44-83E3B6CCD4C2}.Debug|Any CPU.Build.0 = Debug|Any CPU
		{E049E13F-304C-40BD-8B44-83E3B6CCD4C2}.Release|Any CPU.ActiveCfg = Release|Any CPU
		{E049E13F-304C-40BD-8B44-83E3B6CCD4C2}.Release|Any CPU.Build.0 = Release|Any CPU
		{AE306392-6268-42B6-AF07-4C37C1E73E79}.Debug|Any CPU.ActiveCfg = Debug|Any CPU
		{AE306392-6268-42B6-AF07-4C37C1E73E79}.Debug|Any CPU.Build.0 = Debug|Any CPU
		{AE306392-6268-42B6-AF07-4C37C1E73E79}.Release|Any CPU.ActiveCfg = Release|Any CPU
		{AE306392-6268-42B6-AF07-4C37C1E73E79}.Release|Any CPU.Build.0 = Release|Any CPU
		{86175C07-36CD-44C4-9DE4-AD24743DD4D1}.Debug|Any CPU.ActiveCfg = Debug|Any CPU
		{86175C07-36CD-44C4-9DE4-AD24743DD4D1}.Debug|Any CPU.Build.0 = Debug|Any CPU
		{86175C07-36CD-44C4-9DE4-AD24743DD4D1}.Release|Any CPU.ActiveCfg = Release|Any CPU
		{86175C07-36CD-44C4-9DE4-AD24743DD4D1}.Release|Any CPU.Build.0 = Release|Any CPU
	EndGlobalSection
	GlobalSection(SolutionProperties) = preSolution
		HideSolutionNode = FALSE
	EndGlobalSection
EndGlobal
